
Microsoft Visual Studio Solution File, Format Version 12.00
# Visual Studio Version 16
VisualStudioVersion = 16.0.30803.129
MinimumVisualStudioVersion = 10.0.40219.1
Project("{FAE04EC0-301F-11D3-BF4B-00C04F79EFBC}") = "ProactiveDemo", "ProactiveDemo.csproj", "{5CA15932-3CE1-4515-ABB0-F94E76E3ACC7}"
EndProject
Global
	GlobalSection(SolutionConfigurationPlatforms) = preSolution
		Debug|Any CPU = Debug|Any CPU
		Release|Any CPU = Release|Any CPU
	EndGlobalSection
	GlobalSection(ProjectConfigurationPlatforms) = postSolution
		{5CA15932-3CE1-4515-ABB0-F94E76E3ACC7}.Debug|Any CPU.ActiveCfg = Debug|Any CPU
		{5CA15932-3CE1-4515-ABB0-F94E76E3ACC7}.Debug|Any CPU.Build.0 = Debug|Any CPU
		{5CA15932-3CE1-4515-ABB0-F94E76E3ACC7}.Release|Any CPU.ActiveCfg = Release|Any CPU
		{5CA15932-3CE1-4515-ABB0-F94E76E3ACC7}.Release|Any CPU.Build.0 = Release|Any CPU
	EndGlobalSection
	GlobalSection(SolutionProperties) = preSolution
		HideSolutionNode = FALSE
	EndGlobalSection
	GlobalSection(ExtensibilityGlobals) = postSolution
		SolutionGuid = {1BA04BA7-0F01-403C-AECA-500599753680}
	EndGlobalSection
EndGlobal
