
Microsoft Visual Studio Solution File, Format Version 12.00
# Visual Studio Version 16
VisualStudioVersion = 16.0.30503.244
MinimumVisualStudioVersion = 10.0.40219.1
Project("{9A19103F-16F7-4668-BE54-9A1E7A4F7556}") = "AlexaEchoBot", "AlexaEchoBot\AlexaEchoBot.csproj", "{84EAB227-B1FD-41C7-91D4-E4BC415F098A}"
EndProject
Global
	GlobalSection(SolutionConfigurationPlatforms) = preSolution
		Debug|Any CPU = Debug|Any CPU
		Release|Any CPU = Release|Any CPU
	EndGlobalSection
	GlobalSection(ProjectConfigurationPlatforms) = postSolution
		{84EAB227-B1FD-41C7-91D4-E4BC415F098A}.Debug|Any CPU.ActiveCfg = Debug|Any CPU
		{84EAB227-B1FD-41C7-91D4-E4BC415F098A}.Debug|Any CPU.Build.0 = Debug|Any CPU
		{84EAB227-B1FD-41C7-91D4-E4BC415F098A}.Release|Any CPU.ActiveCfg = Release|Any CPU
		{84EAB227-B1FD-41C7-91D4-E4BC415F098A}.Release|Any CPU.Build.0 = Release|Any CPU
	EndGlobalSection
	GlobalSection(SolutionProperties) = preSolution
		HideSolutionNode = FALSE
	EndGlobalSection
	GlobalSection(ExtensibilityGlobals) = postSolution
		SolutionGuid = {F6A399D7-F511-4A5D-850A-5B69D047B238}
	EndGlobalSection
EndGlobal
