
Microsoft Visual Studio Solution File, Format Version 12.00
# Visual Studio Version 16
VisualStudioVersion = 16.0.30503.244
MinimumVisualStudioVersion = 10.0.40219.1
Project("{9A19103F-16F7-4668-BE54-9A1E7A4F7556}") = "SkillRandomImageBot", "SkillRandomImageBot\SkillRandomImageBot.csproj", "{5F5E94C6-93CE-41E8-A228-EA4C9C5B6CE0}"
EndProject
Global
	GlobalSection(SolutionConfigurationPlatforms) = preSolution
		Debug|Any CPU = Debug|Any CPU
		Release|Any CPU = Release|Any CPU
	EndGlobalSection
	GlobalSection(ProjectConfigurationPlatforms) = postSolution
		{5F5E94C6-93CE-41E8-A228-EA4C9C5B6CE0}.Debug|Any CPU.ActiveCfg = Debug|Any CPU
		{5F5E94C6-93CE-41E8-A228-EA4C9C5B6CE0}.Debug|Any CPU.Build.0 = Debug|Any CPU
		{5F5E94C6-93CE-41E8-A228-EA4C9C5B6CE0}.Release|Any CPU.ActiveCfg = Release|Any CPU
		{5F5E94C6-93CE-41E8-A228-EA4C9C5B6CE0}.Release|Any CPU.Build.0 = Release|Any CPU
	EndGlobalSection
	GlobalSection(SolutionProperties) = preSolution
		HideSolutionNode = FALSE
	EndGlobalSection
	GlobalSection(ExtensibilityGlobals) = postSolution
		SolutionGuid = {8704004C-9064-4B5B-B58D-9A28AC6E456C}
	EndGlobalSection
EndGlobal
