
Microsoft Visual Studio Solution File, Format Version 12.00
# Visual Studio Version 16
VisualStudioVersion = 16.0.30503.244
MinimumVisualStudioVersion = 10.0.40219.1
Project("{9A19103F-16F7-4668-BE54-9A1E7A4F7556}") = "ExternalHttpRequest", "ExternalHttpRequest\ExternalHttpRequest.csproj", "{52599EC8-9FE0-40FF-A9B4-CD0745214B7F}"
EndProject
Global
	GlobalSection(SolutionConfigurationPlatforms) = preSolution
		Debug|Any CPU = Debug|Any CPU
		Release|Any CPU = Release|Any CPU
	EndGlobalSection
	GlobalSection(ProjectConfigurationPlatforms) = postSolution
		{52599EC8-9FE0-40FF-A9B4-CD0745214B7F}.Debug|Any CPU.ActiveCfg = Debug|Any CPU
		{52599EC8-9FE0-40FF-A9B4-CD0745214B7F}.Debug|Any CPU.Build.0 = Debug|Any CPU
		{52599EC8-9FE0-40FF-A9B4-CD0745214B7F}.Release|Any CPU.ActiveCfg = Release|Any CPU
		{52599EC8-9FE0-40FF-A9B4-CD0745214B7F}.Release|Any CPU.Build.0 = Release|Any CPU
	EndGlobalSection
	GlobalSection(SolutionProperties) = preSolution
		HideSolutionNode = FALSE
	EndGlobalSection
	GlobalSection(ExtensibilityGlobals) = postSolution
		SolutionGuid = {07C01723-2EBF-4570-959C-5F4B38B91BE2}
	EndGlobalSection
EndGlobal
