
Microsoft Visual Studio Solution File, Format Version 12.00
# Visual Studio Version 16
VisualStudioVersion = 16.0.30503.244
MinimumVisualStudioVersion = 10.0.40219.1
Project("{9A19103F-16F7-4668-BE54-9A1E7A4F7556}") = "InputTypes", "InputTypes\InputTypes.csproj", "{63891A2D-9E81-444A-BC9A-A0C2958C52C2}"
EndProject
Global
	GlobalSection(SolutionConfigurationPlatforms) = preSolution
		Debug|Any CPU = Debug|Any CPU
		Release|Any CPU = Release|Any CPU
	EndGlobalSection
	GlobalSection(ProjectConfigurationPlatforms) = postSolution
		{63891A2D-9E81-444A-BC9A-A0C2958C52C2}.Debug|Any CPU.ActiveCfg = Debug|Any CPU
		{63891A2D-9E81-444A-BC9A-A0C2958C52C2}.Debug|Any CPU.Build.0 = Debug|Any CPU
		{63891A2D-9E81-444A-BC9A-A0C2958C52C2}.Release|Any CPU.ActiveCfg = Release|Any CPU
		{63891A2D-9E81-444A-BC9A-A0C2958C52C2}.Release|Any CPU.Build.0 = Release|Any CPU
	EndGlobalSection
	GlobalSection(SolutionProperties) = preSolution
		HideSolutionNode = FALSE
	EndGlobalSection
	GlobalSection(ExtensibilityGlobals) = postSolution
		SolutionGuid = {120B8A6A-EBF1-4928-9CA1-1D40E830B878}
	EndGlobalSection
EndGlobal
