Microsoft Visual Studio Solution File, Format Version 12.00
# Visual Studio Version 17
VisualStudioVersion = 17.4.33213.308
MinimumVisualStudioVersion = 10.0.40219.1
Project("{9A19103F-16F7-4668-BE54-9A1E7A4F7556}") = "AddIntelligence", "AddIntelligence\AddIntelligence.csproj", "{D6BF729B-D0E9-4959-BAFD-EE921C6B1D8B}"
EndProject
Project("{FAE04EC0-301F-11D3-BF4B-00C04F79EFBC}") = "BotFormRecognizer", "BotFormRecognizer\BotFormRecognizer.csproj", "{6F99C164-FF8B-44C2-9AA8-433327C7C52B}"
EndProject
Global
	GlobalSection(SolutionConfigurationPlatforms) = preSolution
		Debug|Any CPU = Debug|Any CPU
		Release|Any CPU = Release|Any CPU
	EndGlobalSection
	GlobalSection(ProjectConfigurationPlatforms) = postSolution
		{D6BF729B-D0E9-4959-BAFD-EE921C6B1D8B}.Debug|Any CPU.ActiveCfg = Debug|Any CPU
		{D6BF729B-D0E9-4959-BAFD-EE921C6B1D8B}.Debug|Any CPU.Build.0 = Debug|Any CPU
		{D6BF729B-D0E9-4959-BAFD-EE921C6B1D8B}.Release|Any CPU.ActiveCfg = Release|Any CPU
		{D6BF729B-D0E9-4959-BAFD-EE921C6B1D8B}.Release|Any CPU.Build.0 = Release|Any CPU
		{6F99C164-FF8B-44C2-9AA8-433327C7C52B}.Debug|Any CPU.ActiveCfg = Debug|Any CPU
		{6F99C164-FF8B-44C2-9AA8-433327C7C52B}.Debug|Any CPU.Build.0 = Debug|Any CPU
		{6F99C164-FF8B-44C2-9AA8-433327C7C52B}.Release|Any CPU.ActiveCfg = Release|Any CPU
		{6F99C164-FF8B-44C2-9AA8-433327C7C52B}.Release|Any CPU.Build.0 = Release|Any CPU
	EndGlobalSection
	GlobalSection(SolutionProperties) = preSolution
		HideSolutionNode = FALSE
	EndGlobalSection
	GlobalSection(ExtensibilityGlobals) = postSolution
		SolutionGuid = {402F3DD7-D0F7-473F-BE78-0A31BD067C95}
	EndGlobalSection
EndGlobal
