Microsoft Visual Studio Solution File, Format Version 12.00
# Visual Studio Version 17
VisualStudioVersion = 17.1.31903.286
MinimumVisualStudioVersion = 10.0.40219.1
Project("{9A19103F-16F7-4668-BE54-9A1E7A4F7556}") = "Proactivemessage", "Proactivemessage\Proactivemessage.csproj", "{430AA3A2-34C7-4626-82B2-074A89A84402}"
EndProject
Project("{FAE04EC0-301F-11D3-BF4B-00C04F79EFBC}") = "TestProactive", "TestProactive\TestProactive.csproj", "{01B22707-80A2-452A-B2CD-EEDBD8B185F8}"
EndProject
Global
	GlobalSection(SolutionConfigurationPlatforms) = preSolution
		Debug|Any CPU = Debug|Any CPU
		Release|Any CPU = Release|Any CPU
	EndGlobalSection
	GlobalSection(ProjectConfigurationPlatforms) = postSolution
		{430AA3A2-34C7-4626-82B2-074A89A84402}.Debug|Any CPU.ActiveCfg = Debug|Any CPU
		{430AA3A2-34C7-4626-82B2-074A89A84402}.Debug|Any CPU.Build.0 = Debug|Any CPU
		{430AA3A2-34C7-4626-82B2-074A89A84402}.Release|Any CPU.ActiveCfg = Release|Any CPU
		{430AA3A2-34C7-4626-82B2-074A89A84402}.Release|Any CPU.Build.0 = Release|Any CPU
		{01B22707-80A2-452A-B2CD-EEDBD8B185F8}.Debug|Any CPU.ActiveCfg = Debug|Any CPU
		{01B22707-80A2-452A-B2CD-EEDBD8B185F8}.Debug|Any CPU.Build.0 = Debug|Any CPU
		{01B22707-80A2-452A-B2CD-EEDBD8B185F8}.Release|Any CPU.ActiveCfg = Release|Any CPU
		{01B22707-80A2-452A-B2CD-EEDBD8B185F8}.Release|Any CPU.Build.0 = Release|Any CPU
	EndGlobalSection
	GlobalSection(SolutionProperties) = preSolution
		HideSolutionNode = FALSE
	EndGlobalSection
	GlobalSection(ExtensibilityGlobals) = postSolution
		SolutionGuid = {5DAFD9EF-C45F-410C-BFD7-8B04E524DB4D}
	EndGlobalSection
EndGlobal
