
Microsoft Visual Studio Solution File, Format Version 12.00
# Visual Studio Version 16
VisualStudioVersion = 16.0.30503.244
MinimumVisualStudioVersion = 10.0.40219.1
Project("{9A19103F-16F7-4668-BE54-9A1E7A4F7556}") = "GotoAction", "GotoAction\GotoAction.csproj", "{D7E3C0FB-9A10-4FAA-B908-0327A9783CE5}"
EndProject
Global
	GlobalSection(SolutionConfigurationPlatforms) = preSolution
		Debug|Any CPU = Debug|Any CPU
		Release|Any CPU = Release|Any CPU
	EndGlobalSection
	GlobalSection(ProjectConfigurationPlatforms) = postSolution
		{D7E3C0FB-9A10-4FAA-B908-0327A9783CE5}.Debug|Any CPU.ActiveCfg = Debug|Any CPU
		{D7E3C0FB-9A10-4FAA-B908-0327A9783CE5}.Debug|Any CPU.Build.0 = Debug|Any CPU
		{D7E3C0FB-9A10-4FAA-B908-0327A9783CE5}.Release|Any CPU.ActiveCfg = Release|Any CPU
		{D7E3C0FB-9A10-4FAA-B908-0327A9783CE5}.Release|Any CPU.Build.0 = Release|Any CPU
	EndGlobalSection
	GlobalSection(SolutionProperties) = preSolution
		HideSolutionNode = FALSE
	EndGlobalSection
	GlobalSection(ExtensibilityGlobals) = postSolution
		SolutionGuid = {EB9F3574-FF9E-413C-950A-B11B3FC85A67}
	EndGlobalSection
EndGlobal
